
Microsoft Visual Studio Solution File, Format Version 12.00
# Visual Studio 15
VisualStudioVersion = 15.0.28307.271
MinimumVisualStudioVersion = 10.0.40219.1
Project("{FAE04EC0-301F-11D3-BF4B-00C04F79EFBC}") = "Calculator", "Calculator\Calculator.csproj", "{B69B1DF6-7386-4DC9-940E-942D496930BF}"
EndProject
Global
	GlobalSection(SolutionConfigurationPlatforms) = preSolution
		Debug|Any CPU = Debug|Any CPU
		Release|Any CPU = Release|Any CPU
	EndGlobalSection
	GlobalSection(ProjectConfigurationPlatforms) = postSolution
		{B69B1DF6-7386-4DC9-940E-942D496930BF}.Debug|Any CPU.ActiveCfg = Debug|Any CPU
		{B69B1DF6-7386-4DC9-940E-942D496930BF}.Debug|Any CPU.Build.0 = Debug|Any CPU
		{B69B1DF6-7386-4DC9-940E-942D496930BF}.Release|Any CPU.ActiveCfg = Release|Any CPU
		{B69B1DF6-7386-4DC9-940E-942D496930BF}.Release|Any CPU.Build.0 = Release|Any CPU
	EndGlobalSection
	GlobalSection(SolutionProperties) = preSolution
		HideSolutionNode = FALSE
	EndGlobalSection
	GlobalSection(ExtensibilityGlobals) = postSolution
		SolutionGuid = {FD5CF690-AFF6-4357-A19F-3BB5796252DB}
	EndGlobalSection
EndGlobal
